
Microsoft Visual Studio Solution File, Format Version 12.00
# Visual Studio Version 17
VisualStudioVersion = 17.3.32929.385
MinimumVisualStudioVersion = 10.0.40219.1
Project("{FAE04EC0-301F-11D3-BF4B-00C04F79EFBC}") = "INNIM 1.2", "INNIM 1.2\INNIM 1.2.csproj", "{EDF040B1-410D-4580-9F91-AEBE29EF0AC1}"
EndProject
Global
	GlobalSection(SolutionConfigurationPlatforms) = preSolution
		Debug|Any CPU = Debug|Any CPU
		Release|Any CPU = Release|Any CPU
	EndGlobalSection
	GlobalSection(ProjectConfigurationPlatforms) = postSolution
		{EDF040B1-410D-4580-9F91-AEBE29EF0AC1}.Debug|Any CPU.ActiveCfg = Debug|Any CPU
		{EDF040B1-410D-4580-9F91-AEBE29EF0AC1}.Debug|Any CPU.Build.0 = Debug|Any CPU
		{EDF040B1-410D-4580-9F91-AEBE29EF0AC1}.Release|Any CPU.ActiveCfg = Release|Any CPU
		{EDF040B1-410D-4580-9F91-AEBE29EF0AC1}.Release|Any CPU.Build.0 = Release|Any CPU
	EndGlobalSection
	GlobalSection(SolutionProperties) = preSolution
		HideSolutionNode = FALSE
	EndGlobalSection
	GlobalSection(ExtensibilityGlobals) = postSolution
		SolutionGuid = {2C49E837-5C5B-4B86-8E71-AFE35B89AFEB}
	EndGlobalSection
EndGlobal
